// !$*UTF8*$!
{
	archiveVersion = 1;
	classes = {
	};
	objectVersion = 50;
	objects = {

/* Begin PBXBuildFile section */
		57A6C1F521E9240600C883AA /* AppDelegate.swift in Sources */ = {isa = PBXBuildFile; fileRef = 57A6C1F421E9240600C883AA /* AppDelegate.swift */; };
		57A6C1F721E9240600C883AA /* ItemListViewController.swift in Sources */ = {isa = PBXBuildFile; fileRef = 57A6C1F621E9240600C883AA /* ItemListViewController.swift */; };
		57A6C1FA21E9240600C883AA /* Main.storyboard in Resources */ = {isa = PBXBuildFile; fileRef = 57A6C1F821E9240600C883AA /* Main.storyboard */; };
		57A6C1FC21E9240800C883AA /* Assets.xcassets in Resources */ = {isa = PBXBuildFile; fileRef = 57A6C1FB21E9240800C883AA /* Assets.xcassets */; };
		57A6C1FF21E9240800C883AA /* LaunchScreen.storyboard in Resources */ = {isa = PBXBuildFile; fileRef = 57A6C1FD21E9240800C883AA /* LaunchScreen.storyboard */; };
		57A6C20721E9242200C883AA /* DataPersistenceManager.swift in Sources */ = {isa = PBXBuildFile; fileRef = 57A6C20621E9242200C883AA /* DataPersistenceManager.swift */; };
		57A6C20921E927CC00C883AA /* AddItemViewController.swift in Sources */ = {isa = PBXBuildFile; fileRef = 57A6C20821E927CB00C883AA /* AddItemViewController.swift */; };
		57A6C20B21E927E000C883AA /* ItemDetailViewController.swift in Sources */ = {isa = PBXBuildFile; fileRef = 57A6C20A21E927E000C883AA /* ItemDetailViewController.swift */; };
		57A6C20F21E92A2E00C883AA /* Item.swift in Sources */ = {isa = PBXBuildFile; fileRef = 57A6C20E21E92A2E00C883AA /* Item.swift */; };
		57A6C21121E92C3900C883AA /* ItemModel.swift in Sources */ = {isa = PBXBuildFile; fileRef = 57A6C21021E92C3900C883AA /* ItemModel.swift */; };
/* End PBXBuildFile section */

/* Begin PBXFileReference section */
		57A6C1F121E9240600C883AA /* ToDoList.app */ = {isa = PBXFileReference; explicitFileType = wrapper.application; includeInIndex = 0; path = ToDoList.app; sourceTree = BUILT_PRODUCTS_DIR; };
		57A6C1F421E9240600C883AA /* AppDelegate.swift */ = {isa = PBXFileReference; lastKnownFileType = sourcecode.swift; path = AppDelegate.swift; sourceTree = "<group>"; };
		57A6C1F621E9240600C883AA /* ItemListViewController.swift */ = {isa = PBXFileReference; lastKnownFileType = sourcecode.swift; path = ItemListViewController.swift; sourceTree = "<group>"; };
		57A6C1F921E9240600C883AA /* Base */ = {isa = PBXFileReference; lastKnownFileType = file.storyboard; name = Base; path = Base.lproj/Main.storyboard; sourceTree = "<group>"; };
		57A6C1FB21E9240800C883AA /* Assets.xcassets */ = {isa = PBXFileReference; lastKnownFileType = folder.assetcatalog; path = Assets.xcassets; sourceTree = "<group>"; };
		57A6C1FE21E9240800C883AA /* Base */ = {isa = PBXFileReference; lastKnownFileType = file.storyboard; name = Base; path = Base.lproj/LaunchScreen.storyboard; sourceTree = "<group>"; };
		57A6C20021E9240800C883AA /* Info.plist */ = {isa = PBXFileReference; lastKnownFileType = text.plist.xml; path = Info.plist; sourceTree = "<group>"; };
		57A6C20621E9242200C883AA /* DataPersistenceManager.swift */ = {isa = PBXFileReference; lastKnownFileType = sourcecode.swift; path = DataPersistenceManager.swift; sourceTree = "<group>"; };
		57A6C20821E927CB00C883AA /* AddItemViewController.swift */ = {isa = PBXFileReference; lastKnownFileType = sourcecode.swift; path = AddItemViewController.swift; sourceTree = "<group>"; };
		57A6C20A21E927E000C883AA /* ItemDetailViewController.swift */ = {isa = PBXFileReference; lastKnownFileType = sourcecode.swift; path = ItemDetailViewController.swift; sourceTree = "<group>"; };
		57A6C20E21E92A2E00C883AA /* Item.swift */ = {isa = PBXFileReference; lastKnownFileType = sourcecode.swift; path = Item.swift; sourceTree = "<group>"; };
		57A6C21021E92C3900C883AA /* ItemModel.swift */ = {isa = PBXFileReference; lastKnownFileType = sourcecode.swift; path = ItemModel.swift; sourceTree = "<group>"; };
/* End PBXFileReference section */

/* Begin PBXFrameworksBuildPhase section */
		57A6C1EE21E9240600C883AA /* Frameworks */ = {
			isa = PBXFrameworksBuildPhase;
			buildActionMask = 2147483647;
			files = (
			);
			runOnlyForDeploymentPostprocessing = 0;
		};
/* End PBXFrameworksBuildPhase section */

/* Begin PBXGroup section */
		57A6C1E821E9240600C883AA = {
			isa = PBXGroup;
			children = (
				57A6C1F321E9240600C883AA /* ToDoList */,
				57A6C1F221E9240600C883AA /* Products */,
			);
			sourceTree = "<group>";
		};
		57A6C1F221E9240600C883AA /* Products */ = {
			isa = PBXGroup;
			children = (
				57A6C1F121E9240600C883AA /* ToDoList.app */,
			);
			name = Products;
			sourceTree = "<group>";
		};
		57A6C1F321E9240600C883AA /* ToDoList */ = {
			isa = PBXGroup;
			children = (
				57A6C21321EA39D400C883AA /* File Manager Services */,
				57A6C21221EA39CA00C883AA /* Models */,
				57A6C20C21E927EA00C883AA /* Controllers */,
				57A6C20D21E9280500C883AA /* Supoorting Files */,
				57A6C1F821E9240600C883AA /* Main.storyboard */,
				57A6C20021E9240800C883AA /* Info.plist */,
			);
			path = ToDoList;
			sourceTree = "<group>";
		};
		57A6C20C21E927EA00C883AA /* Controllers */ = {
			isa = PBXGroup;
			children = (
				57A6C1F621E9240600C883AA /* ItemListViewController.swift */,
				57A6C20821E927CB00C883AA /* AddItemViewController.swift */,
				57A6C20A21E927E000C883AA /* ItemDetailViewController.swift */,
			);
			path = Controllers;
			sourceTree = "<group>";
		};
		57A6C20D21E9280500C883AA /* Supoorting Files */ = {
			isa = PBXGroup;
			children = (
				57A6C1F421E9240600C883AA /* AppDelegate.swift */,
				57A6C1FB21E9240800C883AA /* Assets.xcassets */,
				57A6C1FD21E9240800C883AA /* LaunchScreen.storyboard */,
			);
			path = "Supoorting Files";
			sourceTree = "<group>";
		};
		57A6C21221EA39CA00C883AA /* Models */ = {
			isa = PBXGroup;
			children = (
				57A6C20E21E92A2E00C883AA /* Item.swift */,
				57A6C21021E92C3900C883AA /* ItemModel.swift */,
			);
			path = Models;
			sourceTree = "<group>";
		};
		57A6C21321EA39D400C883AA /* File Manager Services */ = {
			isa = PBXGroup;
			children = (
				57A6C20621E9242200C883AA /* DataPersistenceManager.swift */,
			);
			path = "File Manager Services";
			sourceTree = "<group>";
		};
/* End PBXGroup section */

/* Begin PBXNativeTarget section */
		57A6C1F021E9240600C883AA /* ToDoList */ = {
			isa = PBXNativeTarget;
			buildConfigurationList = 57A6C20321E9240800C883AA /* Build configuration list for PBXNativeTarget "ToDoList" */;
			buildPhases = (
				57A6C1ED21E9240600C883AA /* Sources */,
				57A6C1EE21E9240600C883AA /* Frameworks */,
				57A6C1EF21E9240600C883AA /* Resources */,
			);
			buildRules = (
			);
			dependencies = (
			);
			name = ToDoList;
			productName = ToDoList;
			productReference = 57A6C1F121E9240600C883AA /* ToDoList.app */;
			productType = "com.apple.product-type.application";
		};
/* End PBXNativeTarget section */

/* Begin PBXProject section */
		57A6C1E921E9240600C883AA /* Project object */ = {
			isa = PBXProject;
			attributes = {
				LastSwiftUpdateCheck = 1010;
				LastUpgradeCheck = 1010;
				ORGANIZATIONNAME = "Alex Paul";
				TargetAttributes = {
					57A6C1F021E9240600C883AA = {
						CreatedOnToolsVersion = 10.1;
					};
				};
			};
			buildConfigurationList = 57A6C1EC21E9240600C883AA /* Build configuration list for PBXProject "ToDoList" */;
			compatibilityVersion = "Xcode 9.3";
			developmentRegion = en;
			hasScannedForEncodings = 0;
			knownRegions = (
				en,
				Base,
			);
			mainGroup = 57A6C1E821E9240600C883AA;
			productRefGroup = 57A6C1F221E9240600C883AA /* Products */;
			projectDirPath = "";
			projectRoot = "";
			targets = (
				57A6C1F021E9240600C883AA /* ToDoList */,
			);
		};
/* End PBXProject section */

/* Begin PBXResourcesBuildPhase section */
		57A6C1EF21E9240600C883AA /* Resources */ = {
			isa = PBXResourcesBuildPhase;
			buildActionMask = 2147483647;
			files = (
				57A6C1FF21E9240800C883AA /* LaunchScreen.storyboard in Resources */,
				57A6C1FC21E9240800C883AA /* Assets.xcassets in Resources */,
				57A6C1FA21E9240600C883AA /* Main.storyboard in Resources */,
			);
			runOnlyForDeploymentPostprocessing = 0;
		};
/* End PBXResourcesBuildPhase section */

/* Begin PBXSourcesBuildPhase section */
		57A6C1ED21E9240600C883AA /* Sources */ = {
			isa = PBXSourcesBuildPhase;
			buildActionMask = 2147483647;
			files = (
				57A6C20B21E927E000C883AA /* ItemDetailViewController.swift in Sources */,
				57A6C20721E9242200C883AA /* DataPersistenceManager.swift in Sources */,
				57A6C20921E927CC00C883AA /* AddItemViewController.swift in Sources */,
				57A6C1F721E9240600C883AA /* ItemListViewController.swift in Sources */,
				57A6C20F21E92A2E00C883AA /* Item.swift in Sources */,
				57A6C21121E92C3900C883AA /* ItemModel.swift in Sources */,
				57A6C1F521E9240600C883AA /* AppDelegate.swift in Sources */,
			);
			runOnlyForDeploymentPostprocessing = 0;
		};
/* End PBXSourcesBuildPhase section */

/* Begin PBXVariantGroup section */
		57A6C1F821E9240600C883AA /* Main.storyboard */ = {
			isa = PBXVariantGroup;
			children = (
				57A6C1F921E9240600C883AA /* Base */,
			);
			name = Main.storyboard;
			sourceTree = "<group>";
		};
		57A6C1FD21E9240800C883AA /* LaunchScreen.storyboard */ = {
			isa = PBXVariantGroup;
			children = (
				57A6C1FE21E9240800C883AA /* Base */,
			);
			name = LaunchScreen.storyboard;
			sourceTree = "<group>";
		};
/* End PBXVariantGroup section */

/* Begin XCBuildConfiguration section */
		57A6C20121E9240800C883AA /* Debug */ = {
			isa = XCBuildConfiguration;
			buildSettings = {
				ALWAYS_SEARCH_USER_PATHS = NO;
				CLANG_ANALYZER_NONNULL = YES;
				CLANG_ANALYZER_NUMBER_OBJECT_CONVERSION = YES_AGGRESSIVE;
				CLANG_CXX_LANGUAGE_STANDARD = "gnu++14";
				CLANG_CXX_LIBRARY = "libc++";
				CLANG_ENABLE_MODULES = YES;
				CLANG_ENABLE_OBJC_ARC = YES;
				CLANG_ENABLE_OBJC_WEAK = YES;
				CLANG_WARN_BLOCK_CAPTURE_AUTORELEASING = YES;
				CLANG_WARN_BOOL_CONVERSION = YES;
				CLANG_WARN_COMMA = YES;
				CLANG_WARN_CONSTANT_CONVERSION = YES;
				CLANG_WARN_DEPRECATED_OBJC_IMPLEMENTATIONS = YES;
				CLANG_WARN_DIRECT_OBJC_ISA_USAGE = YES_ERROR;
				CLANG_WARN_DOCUMENTATION_COMMENTS = YES;
				CLANG_WARN_EMPTY_BODY = YES;
				CLANG_WARN_ENUM_CONVERSION = YES;
				CLANG_WARN_INFINITE_RECURSION = YES;
				CLANG_WARN_INT_CONVERSION = YES;
				CLANG_WARN_NON_LITERAL_NULL_CONVERSION = YES;
				CLANG_WARN_OBJC_IMPLICIT_RETAIN_SELF = YES;
				CLANG_WARN_OBJC_LITERAL_CONVERSION = YES;
				CLANG_WARN_OBJC_ROOT_CLASS = YES_ERROR;
				CLANG_WARN_RANGE_LOOP_ANALYSIS = YES;
				CLANG_WARN_STRICT_PROTOTYPES = YES;
				CLANG_WARN_SUSPICIOUS_MOVE = YES;
				CLANG_WARN_UNGUARDED_AVAILABILITY = YES_AGGRESSIVE;
				CLANG_WARN_UNREACHABLE_CODE = YES;
				CLANG_WARN__DUPLICATE_METHOD_MATCH = YES;
				CODE_SIGN_IDENTITY = "iPhone Developer";
				COPY_PHASE_STRIP = NO;
				DEBUG_INFORMATION_FORMAT = dwarf;
				ENABLE_STRICT_OBJC_MSGSEND = YES;
				ENABLE_TESTABILITY = YES;
				GCC_C_LANGUAGE_STANDARD = gnu11;
				GCC_DYNAMIC_NO_PIC = NO;
				GCC_NO_COMMON_BLOCKS = YES;
				GCC_OPTIMIZATION_LEVEL = 0;
				GCC_PREPROCESSOR_DEFINITIONS = (
					"DEBUG=1",
					"$(inherited)",
				);
				GCC_WARN_64_TO_32_BIT_CONVERSION = YES;
				GCC_WARN_ABOUT_RETURN_TYPE = YES_ERROR;
				GCC_WARN_UNDECLARED_SELECTOR = YES;
				GCC_WARN_UNINITIALIZED_AUTOS = YES_AGGRESSIVE;
				GCC_WARN_UNUSED_FUNCTION = YES;
				GCC_WARN_UNUSED_VARIABLE = YES;
				IPHONEOS_DEPLOYMENT_TARGET = 12.1;
				MTL_ENABLE_DEBUG_INFO = INCLUDE_SOURCE;
				MTL_FAST_MATH = YES;
				ONLY_ACTIVE_ARCH = YES;
				SDKROOT = iphoneos;
				SWIFT_ACTIVE_COMPILATION_CONDITIONS = DEBUG;
				SWIFT_OPTIMIZATION_LEVEL = "-Onone";
			};
			name = Debug;
		};
		57A6C20221E9240800C883AA /* Release */ = {
			isa = XCBuildConfiguration;
			buildSettings = {
				ALWAYS_SEARCH_USER_PATHS = NO;
				CLANG_ANALYZER_NONNULL = YES;
				CLANG_ANALYZER_NUMBER_OBJECT_CONVERSION = YES_AGGRESSIVE;
				CLANG_CXX_LANGUAGE_STANDARD = "gnu++14";
				CLANG_CXX_LIBRARY = "libc++";
				CLANG_ENABLE_MODULES = YES;
				CLANG_ENABLE_OBJC_ARC = YES;
				CLANG_ENABLE_OBJC_WEAK = YES;
				CLANG_WARN_BLOCK_CAPTURE_AUTORELEASING = YES;
				CLANG_WARN_BOOL_CONVERSION = YES;
				CLANG_WARN_COMMA = YES;
				CLANG_WARN_CONSTANT_CONVERSION = YES;
				CLANG_WARN_DEPRECATED_OBJC_IMPLEMENTATIONS = YES;
				CLANG_WARN_DIRECT_OBJC_ISA_USAGE = YES_ERROR;
				CLANG_WARN_DOCUMENTATION_COMMENTS = YES;
				CLANG_WARN_EMPTY_BODY = YES;
				CLANG_WARN_ENUM_CONVERSION = YES;
				CLANG_WARN_INFINITE_RECURSION = YES;
				CLANG_WARN_INT_CONVERSION = YES;
				CLANG_WARN_NON_LITERAL_NULL_CONVERSION = YES;
				CLANG_WARN_OBJC_IMPLICIT_RETAIN_SELF = YES;
				CLANG_WARN_OBJC_LITERAL_CONVERSION = YES;
				CLANG_WARN_OBJC_ROOT_CLASS = YES_ERROR;
				CLANG_WARN_RANGE_LOOP_ANALYSIS = YES;
				CLANG_WARN_STRICT_PROTOTYPES = YES;
				CLANG_WARN_SUSPICIOUS_MOVE = YES;
				CLANG_WARN_UNGUARDED_AVAILABILITY = YES_AGGRESSIVE;
				CLANG_WARN_UNREACHABLE_CODE = YES;
				CLANG_WARN__DUPLICATE_METHOD_MATCH = YES;
				CODE_SIGN_IDENTITY = "iPhone Developer";
				COPY_PHASE_STRIP = NO;
				DEBUG_INFORMATION_FORMAT = "dwarf-with-dsym";
				ENABLE_NS_ASSERTIONS = NO;
				ENABLE_STRICT_OBJC_MSGSEND = YES;
				GCC_C_LANGUAGE_STANDARD = gnu11;
				GCC_NO_COMMON_BLOCKS = YES;
				GCC_WARN_64_TO_32_BIT_CONVERSION = YES;
				GCC_WARN_ABOUT_RETURN_TYPE = YES_ERROR;
				GCC_WARN_UNDECLARED_SELECTOR = YES;
				GCC_WARN_UNINITIALIZED_AUTOS = YES_AGGRESSIVE;
				GCC_WARN_UNUSED_FUNCTION = YES;
				GCC_WARN_UNUSED_VARIABLE = YES;
				IPHONEOS_DEPLOYMENT_TARGET = 12.1;
				MTL_ENABLE_DEBUG_INFO = NO;
				MTL_FAST_MATH = YES;
				SDKROOT = iphoneos;
				SWIFT_COMPILATION_MODE = wholemodule;
				SWIFT_OPTIMIZATION_LEVEL = "-O";
				VALIDATE_PRODUCT = YES;
			};
			name = Release;
		};
		57A6C20421E9240800C883AA /* Debug */ = {
			isa = XCBuildConfiguration;
			buildSettings = {
				ASSETCATALOG_COMPILER_APPICON_NAME = AppIcon;
				CODE_SIGN_STYLE = Automatic;
				DEVELOPMENT_TEAM = ZEKMNK5YD3;
				INFOPLIST_FILE = ToDoList/Info.plist;
				LD_RUNPATH_SEARCH_PATHS = (
					"$(inherited)",
					"@executable_path/Frameworks",
				);
				PRODUCT_BUNDLE_IDENTIFIER = com.alexcpaul.ToDoList;
				PRODUCT_NAME = "$(TARGET_NAME)";
				SWIFT_VERSION = 4.2;
				TARGETED_DEVICE_FAMILY = "1,2";
			};
			name = Debug;
		};
		57A6C20521E9240800C883AA /* Release */ = {
			isa = XCBuildConfiguration;
			buildSettings = {
				ASSETCATALOG_COMPILER_APPICON_NAME = AppIcon;
				CODE_SIGN_STYLE = Automatic;
				DEVELOPMENT_TEAM = ZEKMNK5YD3;
				INFOPLIST_FILE = ToDoList/Info.plist;
				LD_RUNPATH_SEARCH_PATHS = (
					"$(inherited)",
					"@executable_path/Frameworks",
				);
				PRODUCT_BUNDLE_IDENTIFIER = com.alexcpaul.ToDoList;
				PRODUCT_NAME = "$(TARGET_NAME)";
				SWIFT_VERSION = 4.2;
				TARGETED_DEVICE_FAMILY = "1,2";
			};
			name = Release;
		};
/* End XCBuildConfiguration section */

/* Begin XCConfigurationList section */
		57A6C1EC21E9240600C883AA /* Build configuration list for PBXProject "ToDoList" */ = {
			isa = XCConfigurationList;
			buildConfigurations = (
				57A6C20121E9240800C883AA /* Debug */,
				57A6C20221E9240800C883AA /* Release */,
			);
			defaultConfigurationIsVisible = 0;
			defaultConfigurationName = Release;
		};
		57A6C20321E9240800C883AA /* Build configuration list for PBXNativeTarget "ToDoList" */ = {
			isa = XCConfigurationList;
			buildConfigurations = (
				57A6C20421E9240800C883AA /* Debug */,
				57A6C20521E9240800C883AA /* Release */,
			);
			defaultConfigurationIsVisible = 0;
			defaultConfigurationName = Release;
		};
/* End XCConfigurationList section */
	};
	rootObject = 57A6C1E921E9240600C883AA /* Project object */;
}
